
Microsoft Visual Studio Solution File, Format Version 12.00
# Visual Studio 14
VisualStudioVersion = 14.0.25420.1
MinimumVisualStudioVersion = 10.0.40219.1
Project("{FAE04EC0-301F-11D3-BF4B-00C04F79EFBC}") = "TabReselectDemo.Android", "TabReselectDemo\TabReselectDemo.Android\TabReselectDemo.Android.csproj", "{0BE1DC32-B17D-484A-AAEC-2F636CBA6F53}"
EndProject
Project("{FAE04EC0-301F-11D3-BF4B-00C04F79EFBC}") = "TabReselectDemo", "TabReselectDemo\TabReselectDemo\TabReselectDemo.csproj", "{49B3B511-A5C2-4B0D-8C0E-2468472A8544}"
EndProject
Project("{FAE04EC0-301F-11D3-BF4B-00C04F79EFBC}") = "TabReselectDemo.iOS", "TabReselectDemo\TabReselectDemo.iOS\TabReselectDemo.iOS.csproj", "{DFB35835-1A22-485D-934F-66F1F68AF0BA}"
EndProject
Global
	GlobalSection(SolutionConfigurationPlatforms) = preSolution
		Ad-Hoc|Any CPU = Ad-Hoc|Any CPU
		Ad-Hoc|ARM = Ad-Hoc|ARM
		Ad-Hoc|iPhone = Ad-Hoc|iPhone
		Ad-Hoc|iPhoneSimulator = Ad-Hoc|iPhoneSimulator
		Ad-Hoc|x64 = Ad-Hoc|x64
		Ad-Hoc|x86 = Ad-Hoc|x86
		AppStore|Any CPU = AppStore|Any CPU
		AppStore|ARM = AppStore|ARM
		AppStore|iPhone = AppStore|iPhone
		AppStore|iPhoneSimulator = AppStore|iPhoneSimulator
		AppStore|x64 = AppStore|x64
		AppStore|x86 = AppStore|x86
		Debug|Any CPU = Debug|Any CPU
		Debug|ARM = Debug|ARM
		Debug|iPhone = Debug|iPhone
		Debug|iPhoneSimulator = Debug|iPhoneSimulator
		Debug|x64 = Debug|x64
		Debug|x86 = Debug|x86
		Release|Any CPU = Release|Any CPU
		Release|ARM = Release|ARM
		Release|iPhone = Release|iPhone
		Release|iPhoneSimulator = Release|iPhoneSimulator
		Release|x64 = Release|x64
		Release|x86 = Release|x86
	EndGlobalSection
	GlobalSection(ProjectConfigurationPlatforms) = postSolution
		{0BE1DC32-B17D-484A-AAEC-2F636CBA6F53}.Ad-Hoc|Any CPU.ActiveCfg = Release|Any CPU
		{0BE1DC32-B17D-484A-AAEC-2F636CBA6F53}.Ad-Hoc|Any CPU.Build.0 = Release|Any CPU
		{0BE1DC32-B17D-484A-AAEC-2F636CBA6F53}.Ad-Hoc|Any CPU.Deploy.0 = Release|Any CPU
		{0BE1DC32-B17D-484A-AAEC-2F636CBA6F53}.Ad-Hoc|ARM.ActiveCfg = Release|Any CPU
		{0BE1DC32-B17D-484A-AAEC-2F636CBA6F53}.Ad-Hoc|ARM.Build.0 = Release|Any CPU
		{0BE1DC32-B17D-484A-AAEC-2F636CBA6F53}.Ad-Hoc|ARM.Deploy.0 = Release|Any CPU
		{0BE1DC32-B17D-484A-AAEC-2F636CBA6F53}.Ad-Hoc|iPhone.ActiveCfg = Release|Any CPU
		{0BE1DC32-B17D-484A-AAEC-2F636CBA6F53}.Ad-Hoc|iPhone.Build.0 = Release|Any CPU
		{0BE1DC32-B17D-484A-AAEC-2F636CBA6F53}.Ad-Hoc|iPhone.Deploy.0 = Release|Any CPU
		{0BE1DC32-B17D-484A-AAEC-2F636CBA6F53}.Ad-Hoc|iPhoneSimulator.ActiveCfg = Release|Any CPU
		{0BE1DC32-B17D-484A-AAEC-2F636CBA6F53}.Ad-Hoc|iPhoneSimulator.Build.0 = Release|Any CPU
		{0BE1DC32-B17D-484A-AAEC-2F636CBA6F53}.Ad-Hoc|iPhoneSimulator.Deploy.0 = Release|Any CPU
		{0BE1DC32-B17D-484A-AAEC-2F636CBA6F53}.Ad-Hoc|x64.ActiveCfg = Release|Any CPU
		{0BE1DC32-B17D-484A-AAEC-2F636CBA6F53}.Ad-Hoc|x64.Build.0 = Release|Any CPU
		{0BE1DC32-B17D-484A-AAEC-2F636CBA6F53}.Ad-Hoc|x64.Deploy.0 = Release|Any CPU
		{0BE1DC32-B17D-484A-AAEC-2F636CBA6F53}.Ad-Hoc|x86.ActiveCfg = Release|Any CPU
		{0BE1DC32-B17D-484A-AAEC-2F636CBA6F53}.Ad-Hoc|x86.Build.0 = Release|Any CPU
		{0BE1DC32-B17D-484A-AAEC-2F636CBA6F53}.Ad-Hoc|x86.Deploy.0 = Release|Any CPU
		{0BE1DC32-B17D-484A-AAEC-2F636CBA6F53}.AppStore|Any CPU.ActiveCfg = Release|Any CPU
		{0BE1DC32-B17D-484A-AAEC-2F636CBA6F53}.AppStore|Any CPU.Build.0 = Release|Any CPU
		{0BE1DC32-B17D-484A-AAEC-2F636CBA6F53}.AppStore|Any CPU.Deploy.0 = Release|Any CPU
		{0BE1DC32-B17D-484A-AAEC-2F636CBA6F53}.AppStore|ARM.ActiveCfg = Release|Any CPU
		{0BE1DC32-B17D-484A-AAEC-2F636CBA6F53}.AppStore|ARM.Build.0 = Release|Any CPU
		{0BE1DC32-B17D-484A-AAEC-2F636CBA6F53}.AppStore|ARM.Deploy.0 = Release|Any CPU
		{0BE1DC32-B17D-484A-AAEC-2F636CBA6F53}.AppStore|iPhone.ActiveCfg = Release|Any CPU
		{0BE1DC32-B17D-484A-AAEC-2F636CBA6F53}.AppStore|iPhone.Build.0 = Release|Any CPU
		{0BE1DC32-B17D-484A-AAEC-2F636CBA6F53}.AppStore|iPhone.Deploy.0 = Release|Any CPU
		{0BE1DC32-B17D-484A-AAEC-2F636CBA6F53}.AppStore|iPhoneSimulator.ActiveCfg = Release|Any CPU
		{0BE1DC32-B17D-484A-AAEC-2F636CBA6F53}.AppStore|iPhoneSimulator.Build.0 = Release|Any CPU
		{0BE1DC32-B17D-484A-AAEC-2F636CBA6F53}.AppStore|iPhoneSimulator.Deploy.0 = Release|Any CPU
		{0BE1DC32-B17D-484A-AAEC-2F636CBA6F53}.AppStore|x64.ActiveCfg = Release|Any CPU
		{0BE1DC32-B17D-484A-AAEC-2F636CBA6F53}.AppStore|x64.Build.0 = Release|Any CPU
		{0BE1DC32-B17D-484A-AAEC-2F636CBA6F53}.AppStore|x64.Deploy.0 = Release|Any CPU
		{0BE1DC32-B17D-484A-AAEC-2F636CBA6F53}.AppStore|x86.ActiveCfg = Release|Any CPU
		{0BE1DC32-B17D-484A-AAEC-2F636CBA6F53}.AppStore|x86.Build.0 = Release|Any CPU
		{0BE1DC32-B17D-484A-AAEC-2F636CBA6F53}.AppStore|x86.Deploy.0 = Release|Any CPU
		{0BE1DC32-B17D-484A-AAEC-2F636CBA6F53}.Debug|Any CPU.ActiveCfg = Debug|Any CPU
		{0BE1DC32-B17D-484A-AAEC-2F636CBA6F53}.Debug|Any CPU.Build.0 = Debug|Any CPU
		{0BE1DC32-B17D-484A-AAEC-2F636CBA6F53}.Debug|Any CPU.Deploy.0 = Debug|Any CPU
		{0BE1DC32-B17D-484A-AAEC-2F636CBA6F53}.Debug|ARM.ActiveCfg = Debug|Any CPU
		{0BE1DC32-B17D-484A-AAEC-2F636CBA6F53}.Debug|ARM.Build.0 = Debug|Any CPU
		{0BE1DC32-B17D-484A-AAEC-2F636CBA6F53}.Debug|ARM.Deploy.0 = Debug|Any CPU
		{0BE1DC32-B17D-484A-AAEC-2F636CBA6F53}.Debug|iPhone.ActiveCfg = Debug|Any CPU
		{0BE1DC32-B17D-484A-AAEC-2F636CBA6F53}.Debug|iPhone.Build.0 = Debug|Any CPU
		{0BE1DC32-B17D-484A-AAEC-2F636CBA6F53}.Debug|iPhone.Deploy.0 = Debug|Any CPU
		{0BE1DC32-B17D-484A-AAEC-2F636CBA6F53}.Debug|iPhoneSimulator.ActiveCfg = Debug|Any CPU
		{0BE1DC32-B17D-484A-AAEC-2F636CBA6F53}.Debug|iPhoneSimulator.Build.0 = Debug|Any CPU
		{0BE1DC32-B17D-484A-AAEC-2F636CBA6F53}.Debug|iPhoneSimulator.Deploy.0 = Debug|Any CPU
		{0BE1DC32-B17D-484A-AAEC-2F636CBA6F53}.Debug|x64.ActiveCfg = Debug|Any CPU
		{0BE1DC32-B17D-484A-AAEC-2F636CBA6F53}.Debug|x64.Build.0 = Debug|Any CPU
		{0BE1DC32-B17D-484A-AAEC-2F636CBA6F53}.Debug|x64.Deploy.0 = Debug|Any CPU
		{0BE1DC32-B17D-484A-AAEC-2F636CBA6F53}.Debug|x86.ActiveCfg = Debug|Any CPU
		{0BE1DC32-B17D-484A-AAEC-2F636CBA6F53}.Debug|x86.Build.0 = Debug|Any CPU
		{0BE1DC32-B17D-484A-AAEC-2F636CBA6F53}.Debug|x86.Deploy.0 = Debug|Any CPU
		{0BE1DC32-B17D-484A-AAEC-2F636CBA6F53}.Release|Any CPU.ActiveCfg = Release|Any CPU
		{0BE1DC32-B17D-484A-AAEC-2F636CBA6F53}.Release|Any CPU.Build.0 = Release|Any CPU
		{0BE1DC32-B17D-484A-AAEC-2F636CBA6F53}.Release|Any CPU.Deploy.0 = Release|Any CPU
		{0BE1DC32-B17D-484A-AAEC-2F636CBA6F53}.Release|ARM.ActiveCfg = Release|Any CPU
		{0BE1DC32-B17D-484A-AAEC-2F636CBA6F53}.Release|ARM.Build.0 = Release|Any CPU
		{0BE1DC32-B17D-484A-AAEC-2F636CBA6F53}.Release|ARM.Deploy.0 = Release|Any CPU
		{0BE1DC32-B17D-484A-AAEC-2F636CBA6F53}.Release|iPhone.ActiveCfg = Release|Any CPU
		{0BE1DC32-B17D-484A-AAEC-2F636CBA6F53}.Release|iPhone.Build.0 = Release|Any CPU
		{0BE1DC32-B17D-484A-AAEC-2F636CBA6F53}.Release|iPhone.Deploy.0 = Release|Any CPU
		{0BE1DC32-B17D-484A-AAEC-2F636CBA6F53}.Release|iPhoneSimulator.ActiveCfg = Release|Any CPU
		{0BE1DC32-B17D-484A-AAEC-2F636CBA6F53}.Release|iPhoneSimulator.Build.0 = Release|Any CPU
		{0BE1DC32-B17D-484A-AAEC-2F636CBA6F53}.Release|iPhoneSimulator.Deploy.0 = Release|Any CPU
		{0BE1DC32-B17D-484A-AAEC-2F636CBA6F53}.Release|x64.ActiveCfg = Release|Any CPU
		{0BE1DC32-B17D-484A-AAEC-2F636CBA6F53}.Release|x64.Build.0 = Release|Any CPU
		{0BE1DC32-B17D-484A-AAEC-2F636CBA6F53}.Release|x64.Deploy.0 = Release|Any CPU
		{0BE1DC32-B17D-484A-AAEC-2F636CBA6F53}.Release|x86.ActiveCfg = Release|Any CPU
		{0BE1DC32-B17D-484A-AAEC-2F636CBA6F53}.Release|x86.Build.0 = Release|Any CPU
		{0BE1DC32-B17D-484A-AAEC-2F636CBA6F53}.Release|x86.Deploy.0 = Release|Any CPU
		{49B3B511-A5C2-4B0D-8C0E-2468472A8544}.Ad-Hoc|Any CPU.ActiveCfg = Release|Any CPU
		{49B3B511-A5C2-4B0D-8C0E-2468472A8544}.Ad-Hoc|Any CPU.Build.0 = Release|Any CPU
		{49B3B511-A5C2-4B0D-8C0E-2468472A8544}.Ad-Hoc|ARM.ActiveCfg = Release|Any CPU
		{49B3B511-A5C2-4B0D-8C0E-2468472A8544}.Ad-Hoc|ARM.Build.0 = Release|Any CPU
		{49B3B511-A5C2-4B0D-8C0E-2468472A8544}.Ad-Hoc|iPhone.ActiveCfg = Release|Any CPU
		{49B3B511-A5C2-4B0D-8C0E-2468472A8544}.Ad-Hoc|iPhone.Build.0 = Release|Any CPU
		{49B3B511-A5C2-4B0D-8C0E-2468472A8544}.Ad-Hoc|iPhoneSimulator.ActiveCfg = Release|Any CPU
		{49B3B511-A5C2-4B0D-8C0E-2468472A8544}.Ad-Hoc|iPhoneSimulator.Build.0 = Release|Any CPU
		{49B3B511-A5C2-4B0D-8C0E-2468472A8544}.Ad-Hoc|x64.ActiveCfg = Release|Any CPU
		{49B3B511-A5C2-4B0D-8C0E-2468472A8544}.Ad-Hoc|x64.Build.0 = Release|Any CPU
		{49B3B511-A5C2-4B0D-8C0E-2468472A8544}.Ad-Hoc|x86.ActiveCfg = Release|Any CPU
		{49B3B511-A5C2-4B0D-8C0E-2468472A8544}.Ad-Hoc|x86.Build.0 = Release|Any CPU
		{49B3B511-A5C2-4B0D-8C0E-2468472A8544}.AppStore|Any CPU.ActiveCfg = Release|Any CPU
		{49B3B511-A5C2-4B0D-8C0E-2468472A8544}.AppStore|Any CPU.Build.0 = Release|Any CPU
		{49B3B511-A5C2-4B0D-8C0E-2468472A8544}.AppStore|ARM.ActiveCfg = Release|Any CPU
		{49B3B511-A5C2-4B0D-8C0E-2468472A8544}.AppStore|ARM.Build.0 = Release|Any CPU
		{49B3B511-A5C2-4B0D-8C0E-2468472A8544}.AppStore|iPhone.ActiveCfg = Release|Any CPU
		{49B3B511-A5C2-4B0D-8C0E-2468472A8544}.AppStore|iPhone.Build.0 = Release|Any CPU
		{49B3B511-A5C2-4B0D-8C0E-2468472A8544}.AppStore|iPhoneSimulator.ActiveCfg = Release|Any CPU
		{49B3B511-A5C2-4B0D-8C0E-2468472A8544}.AppStore|iPhoneSimulator.Build.0 = Release|Any CPU
		{49B3B511-A5C2-4B0D-8C0E-2468472A8544}.AppStore|x64.ActiveCfg = Release|Any CPU
		{49B3B511-A5C2-4B0D-8C0E-2468472A8544}.AppStore|x64.Build.0 = Release|Any CPU
		{49B3B511-A5C2-4B0D-8C0E-2468472A8544}.AppStore|x86.ActiveCfg = Release|Any CPU
		{49B3B511-A5C2-4B0D-8C0E-2468472A8544}.AppStore|x86.Build.0 = Release|Any CPU
		{49B3B511-A5C2-4B0D-8C0E-2468472A8544}.Debug|Any CPU.ActiveCfg = Debug|Any CPU
		{49B3B511-A5C2-4B0D-8C0E-2468472A8544}.Debug|Any CPU.Build.0 = Debug|Any CPU
		{49B3B511-A5C2-4B0D-8C0E-2468472A8544}.Debug|ARM.ActiveCfg = Debug|Any CPU
		{49B3B511-A5C2-4B0D-8C0E-2468472A8544}.Debug|ARM.Build.0 = Debug|Any CPU
		{49B3B511-A5C2-4B0D-8C0E-2468472A8544}.Debug|iPhone.ActiveCfg = Debug|Any CPU
		{49B3B511-A5C2-4B0D-8C0E-2468472A8544}.Debug|iPhone.Build.0 = Debug|Any CPU
		{49B3B511-A5C2-4B0D-8C0E-2468472A8544}.Debug|iPhoneSimulator.ActiveCfg = Debug|Any CPU
		{49B3B511-A5C2-4B0D-8C0E-2468472A8544}.Debug|iPhoneSimulator.Build.0 = Debug|Any CPU
		{49B3B511-A5C2-4B0D-8C0E-2468472A8544}.Debug|x64.ActiveCfg = Debug|Any CPU
		{49B3B511-A5C2-4B0D-8C0E-2468472A8544}.Debug|x64.Build.0 = Debug|Any CPU
		{49B3B511-A5C2-4B0D-8C0E-2468472A8544}.Debug|x86.ActiveCfg = Debug|Any CPU
		{49B3B511-A5C2-4B0D-8C0E-2468472A8544}.Debug|x86.Build.0 = Debug|Any CPU
		{49B3B511-A5C2-4B0D-8C0E-2468472A8544}.Release|Any CPU.ActiveCfg = Release|Any CPU
		{49B3B511-A5C2-4B0D-8C0E-2468472A8544}.Release|Any CPU.Build.0 = Release|Any CPU
		{49B3B511-A5C2-4B0D-8C0E-2468472A8544}.Release|ARM.ActiveCfg = Release|Any CPU
		{49B3B511-A5C2-4B0D-8C0E-2468472A8544}.Release|ARM.Build.0 = Release|Any CPU
		{49B3B511-A5C2-4B0D-8C0E-2468472A8544}.Release|iPhone.ActiveCfg = Release|Any CPU
		{49B3B511-A5C2-4B0D-8C0E-2468472A8544}.Release|iPhone.Build.0 = Release|Any CPU
		{49B3B511-A5C2-4B0D-8C0E-2468472A8544}.Release|iPhoneSimulator.ActiveCfg = Release|Any CPU
		{49B3B511-A5C2-4B0D-8C0E-2468472A8544}.Release|iPhoneSimulator.Build.0 = Release|Any CPU
		{49B3B511-A5C2-4B0D-8C0E-2468472A8544}.Release|x64.ActiveCfg = Release|Any CPU
		{49B3B511-A5C2-4B0D-8C0E-2468472A8544}.Release|x64.Build.0 = Release|Any CPU
		{49B3B511-A5C2-4B0D-8C0E-2468472A8544}.Release|x86.ActiveCfg = Release|Any CPU
		{49B3B511-A5C2-4B0D-8C0E-2468472A8544}.Release|x86.Build.0 = Release|Any CPU
		{DFB35835-1A22-485D-934F-66F1F68AF0BA}.Ad-Hoc|Any CPU.ActiveCfg = Ad-Hoc|iPhone
		{DFB35835-1A22-485D-934F-66F1F68AF0BA}.Ad-Hoc|ARM.ActiveCfg = Ad-Hoc|iPhone
		{DFB35835-1A22-485D-934F-66F1F68AF0BA}.Ad-Hoc|iPhone.ActiveCfg = Ad-Hoc|iPhone
		{DFB35835-1A22-485D-934F-66F1F68AF0BA}.Ad-Hoc|iPhone.Build.0 = Ad-Hoc|iPhone
		{DFB35835-1A22-485D-934F-66F1F68AF0BA}.Ad-Hoc|iPhoneSimulator.ActiveCfg = Ad-Hoc|iPhoneSimulator
		{DFB35835-1A22-485D-934F-66F1F68AF0BA}.Ad-Hoc|iPhoneSimulator.Build.0 = Ad-Hoc|iPhoneSimulator
		{DFB35835-1A22-485D-934F-66F1F68AF0BA}.Ad-Hoc|x64.ActiveCfg = Ad-Hoc|iPhone
		{DFB35835-1A22-485D-934F-66F1F68AF0BA}.Ad-Hoc|x86.ActiveCfg = Ad-Hoc|iPhone
		{DFB35835-1A22-485D-934F-66F1F68AF0BA}.AppStore|Any CPU.ActiveCfg = AppStore|iPhone
		{DFB35835-1A22-485D-934F-66F1F68AF0BA}.AppStore|ARM.ActiveCfg = AppStore|iPhone
		{DFB35835-1A22-485D-934F-66F1F68AF0BA}.AppStore|iPhone.ActiveCfg = AppStore|iPhone
		{DFB35835-1A22-485D-934F-66F1F68AF0BA}.AppStore|iPhone.Build.0 = AppStore|iPhone
		{DFB35835-1A22-485D-934F-66F1F68AF0BA}.AppStore|iPhoneSimulator.ActiveCfg = AppStore|iPhoneSimulator
		{DFB35835-1A22-485D-934F-66F1F68AF0BA}.AppStore|iPhoneSimulator.Build.0 = AppStore|iPhoneSimulator
		{DFB35835-1A22-485D-934F-66F1F68AF0BA}.AppStore|x64.ActiveCfg = AppStore|iPhone
		{DFB35835-1A22-485D-934F-66F1F68AF0BA}.AppStore|x86.ActiveCfg = AppStore|iPhone
		{DFB35835-1A22-485D-934F-66F1F68AF0BA}.Debug|Any CPU.ActiveCfg = Debug|iPhone
		{DFB35835-1A22-485D-934F-66F1F68AF0BA}.Debug|ARM.ActiveCfg = Debug|iPhone
		{DFB35835-1A22-485D-934F-66F1F68AF0BA}.Debug|iPhone.ActiveCfg = Debug|iPhone
		{DFB35835-1A22-485D-934F-66F1F68AF0BA}.Debug|iPhone.Build.0 = Debug|iPhone
		{DFB35835-1A22-485D-934F-66F1F68AF0BA}.Debug|iPhoneSimulator.ActiveCfg = Debug|iPhoneSimulator
		{DFB35835-1A22-485D-934F-66F1F68AF0BA}.Debug|iPhoneSimulator.Build.0 = Debug|iPhoneSimulator
		{DFB35835-1A22-485D-934F-66F1F68AF0BA}.Debug|x64.ActiveCfg = Debug|iPhone
		{DFB35835-1A22-485D-934F-66F1F68AF0BA}.Debug|x86.ActiveCfg = Debug|iPhone
		{DFB35835-1A22-485D-934F-66F1F68AF0BA}.Release|Any CPU.ActiveCfg = Release|iPhone
		{DFB35835-1A22-485D-934F-66F1F68AF0BA}.Release|ARM.ActiveCfg = Release|iPhone
		{DFB35835-1A22-485D-934F-66F1F68AF0BA}.Release|iPhone.ActiveCfg = Release|iPhone
		{DFB35835-1A22-485D-934F-66F1F68AF0BA}.Release|iPhone.Build.0 = Release|iPhone
		{DFB35835-1A22-485D-934F-66F1F68AF0BA}.Release|iPhoneSimulator.ActiveCfg = Release|iPhoneSimulator
		{DFB35835-1A22-485D-934F-66F1F68AF0BA}.Release|iPhoneSimulator.Build.0 = Release|iPhoneSimulator
		{DFB35835-1A22-485D-934F-66F1F68AF0BA}.Release|x64.ActiveCfg = Release|iPhone
		{DFB35835-1A22-485D-934F-66F1F68AF0BA}.Release|x86.ActiveCfg = Release|iPhone
	EndGlobalSection
	GlobalSection(SolutionProperties) = preSolution
		HideSolutionNode = FALSE
	EndGlobalSection
EndGlobal
